#MicroXplorer Configuration settings - do not modify
PB13.GPIOParameters=GPIO_PuPd,GPIO_Label
ADC2.SamplingTime-17\#ChannelRegularConversion=ADC_SAMPLETIME_28CYCLES_5
PC7.GPIOParameters=GPIO_Speed,GPIO_Label
ADC1.Rank-14\#ChannelRegularConversion=15
TIM2.Channel-Output\ Compare1\ No\ Output=TIM_CHANNEL_1
ADC2.Rank-22\#ChannelRegularConversion=8
PB10.GPIO_PuPd=GPIO_PULLUP
ADC2.Channel-26\#ChannelRegularConversion=ADC_CHANNEL_6
TIM1.IPParameters=Channel-PWM Generation1 CH1,Prescaler,Period
ADC1.SamplingTime-6\#ChannelRegularConversion=ADC_SAMPLETIME_28CYCLES_5
RCC.PLLCLKFreq_Value=72000000
PC7.Locked=true
PC6.GPIO_Label=LCD_D6
VP_RTC_VS_RTC_Activate.Mode=RTC_Enabled
PC3.Locked=true
RCC.RTCFreq_Value=62500
SH.S_TIM1_CH1.ConfNb=1
USART1.IPParameters=VirtualMode
ADC1.SamplingTime-12\#ChannelRegularConversion=ADC_SAMPLETIME_28CYCLES_5
PB13.Signal=GPIO_Input
PinOutPanel.RotationAngle=0
ADC1.Channel-8\#ChannelRegularConversion=ADC_CHANNEL_2
PC3.GPIO_Speed=GPIO_SPEED_FREQ_LOW
RCC.SYSCLKSource=RCC_SYSCLKSOURCE_PLLCLK
ADC2.Rank-25\#ChannelRegularConversion=11
VP_TIM2_VS_ClockSourceITR.Mode=TriggerSource_ITR2
NVIC.SVCall_IRQn=true\:0\:0\:false\:false\:false\:false\:false\:false
ADC1.Channel-5\#ChannelRegularConversion=ADC_CHANNEL_0
ADC1.Rank-11\#ChannelRegularConversion=12
TIM2.IPParameters=Channel-Output Compare1 No Output,Prescaler
RCC.APB2TimFreq_Value=72000000
PB6.Signal=I2C1_SCL
ADC1.Channel-2\#ChannelRegularConversion=ADC_CHANNEL_0
ADC2.Rank-18\#ChannelRegularConversion=4
PC7.Signal=GPIO_Output
VP_RTC_No_RTC_Output.Signal=RTC_No_RTC_Output
PB6.Mode=I2C
RTC.IPParameters=Format,AutoPrediv
PC3.Signal=GPIO_Output
PB13.Locked=true
ADC2.Rank-28\#ChannelRegularConversion=14
ProjectManager.ProjectBuild=false
TIM4.Channel-PWM\ Generation3\ CH3=TIM_CHANNEL_3
NVIC.UsageFault_IRQn=true\:0\:0\:false\:false\:true\:false\:false\:false
PA8.Locked=true
RCC.RTCClockSelection=RCC_RTCCLKSOURCE_HSE_DIV128
ProjectManager.FirmwarePackage=STM32Cube FW_F1 V1.8.4
ADC2.Channel-16\#ChannelRegularConversion=ADC_CHANNEL_6
MxDb.Version=DB.6.0.21
ProjectManager.BackupPrevious=false
PC4.GPIO_Label=LCD_D4
TIM1.Channel-PWM\ Generation1\ CH1=TIM_CHANNEL_1
PA8.Signal=S_TIM1_CH1
NVIC.PendSV_IRQn=true\:15\:0\:false\:false\:false\:true\:false\:false
TIM4.Period=255
ADC1.Channel-15\#ChannelRegularConversion=ADC_CHANNEL_2
ProjectManager.HalAssertFull=false
VP_TIM1_VS_ClockSourceINT.Mode=Internal
ADC1.SamplingTime-0\#ChannelRegularConversion=ADC_SAMPLETIME_28CYCLES_5
RCC.PLLMCOFreq_Value=36000000
PB9.Signal=GPIO_Output
Mcu.Package=LQFP64
TIM2.Prescaler=0
PA5.Locked=true
ADC2.SamplingTime-24\#ChannelRegularConversion=ADC_SAMPLETIME_28CYCLES_5
NVIC.TimeBase=TIM3_IRQn
PA14.Locked=true
ADC2.Channel-20\#ChannelRegularConversion=ADC_CHANNEL_6
NVIC.TimeBaseIP=TIM3
PA10.Signal=USART1_RX
PA5.GPIOParameters=GPIO_Label
ADC2.Channel-30\#ChannelRegularConversion=ADC_CHANNEL_6
ADC1.SamplingTime-15\#ChannelRegularConversion=ADC_SAMPLETIME_28CYCLES_5
RCC.APB1TimFreq_Value=72000000
NVIC.BusFault_IRQn=true\:0\:0\:false\:false\:true\:false\:false\:false
TIM1.Period=255
PB10.GPIOParameters=GPIO_PuPd,GPIO_Label
RTC.AutoPrediv=RTC_AUTO_1_SECOND
PC6.GPIO_Speed=GPIO_SPEED_FREQ_LOW
ProjectManager.CustomerFirmwarePackage=
PC4.GPIOParameters=GPIO_Speed,GPIO_Label
ADC1.Rank-4\#ChannelRegularConversion=5
ADC1.Channel-10\#ChannelRegularConversion=ADC_CHANNEL_2
ADC2.Rank-26\#ChannelRegularConversion=12
ProjectManager.ProjectFileName=t962aplus.ioc
FREERTOS.Tasks01=defaultTask,24,128,StartDefaultTask,Default,NULL,Dynamic,NULL,NULL
ADC1.Rank-0\#ChannelRegularConversion=1
Mcu.PinsNb=43
PC11.Locked=true
SH.ADCx_IN6.0=ADC2_IN6,IN6
ADC1.IPParameters=Rank-0\#ChannelRegularConversion,Channel-0\#ChannelRegularConversion,SamplingTime-0\#ChannelRegularConversion,NbrOfConversionFlag,master,Rank-1\#ChannelRegularConversion,Channel-1\#ChannelRegularConversion,SamplingTime-1\#ChannelRegularConversion,NbrOfConversion,Rank-2\#ChannelRegularConversion,Channel-2\#ChannelRegularConversion,SamplingTime-2\#ChannelRegularConversion,Rank-3\#ChannelRegularConversion,Channel-3\#ChannelRegularConversion,SamplingTime-3\#ChannelRegularConversion,Rank-4\#ChannelRegularConversion,Channel-4\#ChannelRegularConversion,SamplingTime-4\#ChannelRegularConversion,Rank-5\#ChannelRegularConversion,Channel-5\#ChannelRegularConversion,SamplingTime-5\#ChannelRegularConversion,Rank-6\#ChannelRegularConversion,Channel-6\#ChannelRegularConversion,SamplingTime-6\#ChannelRegularConversion,Rank-7\#ChannelRegularConversion,Channel-7\#ChannelRegularConversion,SamplingTime-7\#ChannelRegularConversion,Rank-8\#ChannelRegularConversion,Channel-8\#ChannelRegularConversion,SamplingTime-8\#ChannelRegularConversion,Rank-9\#ChannelRegularConversion,Channel-9\#ChannelRegularConversion,SamplingTime-9\#ChannelRegularConversion,Rank-10\#ChannelRegularConversion,Channel-10\#ChannelRegularConversion,SamplingTime-10\#ChannelRegularConversion,Rank-11\#ChannelRegularConversion,Channel-11\#ChannelRegularConversion,SamplingTime-11\#ChannelRegularConversion,Rank-12\#ChannelRegularConversion,Channel-12\#ChannelRegularConversion,SamplingTime-12\#ChannelRegularConversion,Rank-13\#ChannelRegularConversion,Channel-13\#ChannelRegularConversion,SamplingTime-13\#ChannelRegularConversion,Rank-14\#ChannelRegularConversion,Channel-14\#ChannelRegularConversion,SamplingTime-14\#ChannelRegularConversion,Rank-15\#ChannelRegularConversion,Channel-15\#ChannelRegularConversion,SamplingTime-15\#ChannelRegularConversion
PC2.Signal=GPIO_Output
PC6.Signal=GPIO_Output
PB11.GPIO_Label=KEY_F3
ADC2.Rank-30\#ChannelRegularConversion=16
ADC2.SamplingTime-22\#ChannelRegularConversion=ADC_SAMPLETIME_28CYCLES_5
PC0.Signal=GPIO_Output
ADC2.SamplingTime-25\#ChannelRegularConversion=ADC_SAMPLETIME_28CYCLES_5
RCC.APB1CLKDivider=RCC_HCLK_DIV2
PC14-OSC32_IN.Signal=GPIO_Output
PC11.GPIOParameters=GPIO_Label
PA0-WKUP.Signal=ADCx_IN0
ADC1.Channel-7\#ChannelRegularConversion=ADC_CHANNEL_0
VP_TIM2_VS_ControllerModeClock.Signal=TIM2_VS_ControllerModeClock
PC3.GPIOParameters=GPIO_Speed,GPIO_Label
PA15.Locked=true
ADC2.SamplingTime-18\#ChannelRegularConversion=ADC_SAMPLETIME_28CYCLES_5
ADC2.ContinuousConvMode=ENABLE
TIM4.IPParameters=Channel-PWM Generation3 CH3,Prescaler,Period
ADC2.Rank-23\#ChannelRegularConversion=9
ADC2.IPParameters=Rank-0\#ChannelRegularConversion,Channel-0\#ChannelRegularConversion,SamplingTime-0\#ChannelRegularConversion,NbrOfConversionFlag,ContinuousConvMode,NbrOfConversion,Rank-16\#ChannelRegularConversion,Channel-16\#ChannelRegularConversion,SamplingTime-16\#ChannelRegularConversion,Rank-17\#ChannelRegularConversion,Channel-17\#ChannelRegularConversion,SamplingTime-17\#ChannelRegularConversion,Rank-18\#ChannelRegularConversion,Channel-18\#ChannelRegularConversion,SamplingTime-18\#ChannelRegularConversion,Rank-19\#ChannelRegularConversion,Channel-19\#ChannelRegularConversion,SamplingTime-19\#ChannelRegularConversion,Rank-20\#ChannelRegularConversion,Channel-20\#ChannelRegularConversion,SamplingTime-20\#ChannelRegularConversion,Rank-21\#ChannelRegularConversion,Channel-21\#ChannelRegularConversion,SamplingTime-21\#ChannelRegularConversion,Rank-22\#ChannelRegularConversion,Channel-22\#ChannelRegularConversion,SamplingTime-22\#ChannelRegularConversion,Rank-23\#ChannelRegularConversion,Channel-23\#ChannelRegularConversion,SamplingTime-23\#ChannelRegularConversion,Rank-24\#ChannelRegularConversion,Channel-24\#ChannelRegularConversion,SamplingTime-24\#ChannelRegularConversion,Rank-25\#ChannelRegularConversion,Channel-25\#ChannelRegularConversion,SamplingTime-25\#ChannelRegularConversion,Rank-26\#ChannelRegularConversion,Channel-26\#ChannelRegularConversion,SamplingTime-26\#ChannelRegularConversion,Rank-27\#ChannelRegularConversion,Channel-27\#ChannelRegularConversion,SamplingTime-27\#ChannelRegularConversion,Rank-28\#ChannelRegularConversion,Channel-28\#ChannelRegularConversion,SamplingTime-28\#ChannelRegularConversion,Rank-29\#ChannelRegularConversion,Channel-29\#ChannelRegularConversion,SamplingTime-29\#ChannelRegularConversion,Rank-30\#ChannelRegularConversion,Channel-30\#ChannelRegularConversion,SamplingTime-30\#ChannelRegularConversion
PC6.Locked=true
PA9.Signal=USART1_TX
VP_TIM1_VS_ClockSourceINT.Signal=TIM1_VS_ClockSourceINT
PB11.GPIOParameters=GPIO_PuPd,GPIO_Label
PB9.Locked=true
RTC.Format=RTC_FORMAT_BIN
PC13-TAMPER-RTC.Locked=true
PB10.Signal=GPIO_Input
PA5.Signal=GPIO_Output
Mcu.Pin40=VP_TIM2_VS_ControllerModeClock
Mcu.Pin41=VP_TIM2_VS_ClockSourceITR
Mcu.Pin42=VP_TIM2_VS_no_output1
ADC1.Rank-12\#ChannelRegularConversion=13
ProjectManager.LastFirmware=true
PC13-TAMPER-RTC.GPIO_Label=LCD_RS
ADC1.SamplingTime-14\#ChannelRegularConversion=ADC_SAMPLETIME_28CYCLES_5
NVIC.TIM3_IRQn=true\:0\:0\:false\:false\:true\:false\:false\:true
PB13.GPIO_PuPd=GPIO_PULLUP
Mcu.Pin37=VP_RTC_No_RTC_Output
Mcu.Pin38=VP_SYS_VS_tim3
PB15.GPIO_Label=KEY_F1
Mcu.Pin35=VP_FREERTOS_VS_CMSIS_V2
Mcu.Pin36=VP_RTC_VS_RTC_Activate
SH.ADCx_IN0.ConfNb=1
Mcu.Pin39=VP_TIM1_VS_ClockSourceINT
PC2.GPIOParameters=GPIO_Speed,GPIO_Label
Mcu.Pin30=PB4
ADC2.Rank-19\#ChannelRegularConversion=5
Mcu.Pin33=PB8
Mcu.Pin34=PB9
Mcu.Pin31=PB6
PC1.GPIO_Speed=GPIO_SPEED_FREQ_LOW
Mcu.Pin32=PB7
NVIC.NonMaskableInt_IRQn=true\:0\:0\:false\:false\:true\:false\:false\:false
PC10.GPIOParameters=GPIO_Label
ADC1.SamplingTime-10\#ChannelRegularConversion=ADC_SAMPLETIME_28CYCLES_5
ADC1.Rank-9\#ChannelRegularConversion=10
PA13.Mode=Serial_Wire
ProjectManager.FreePins=false
PC9.GPIOParameters=GPIO_Label
Mcu.Pin26=PA15
Mcu.Pin27=PC10
Mcu.Pin24=PA13
ProjectManager.UnderRoot=true
Mcu.Pin25=PA14
Mcu.Pin28=PC11
PC7.GPIO_Label=LCD_D7
Mcu.Pin29=PB3
PB4.Locked=true
ADC1.SamplingTime-1\#ChannelRegularConversion=ADC_SAMPLETIME_28CYCLES_5
Mcu.Pin22=PA9
Mcu.Pin23=PA10
RCC.TimSysFreq_Value=72000000
Mcu.Pin20=PC9
ADC1.master=1
ADC2.Channel-19\#ChannelRegularConversion=ADC_CHANNEL_6
Mcu.Pin21=PA8
ADC2.NbrOfConversionFlag=1
PA5.GPIO_Label=FAN
NVIC.ForceEnableDMAVector=true
NVIC.MemoryManagement_IRQn=true\:0\:0\:false\:false\:true\:false\:false\:false
USART1.VirtualMode=VM_ASYNC
ProjectManager.CompilerOptimize=6
ADC1.Rank-1\#ChannelRegularConversion=2
ProjectManager.HeapSize=0x200
Mcu.Pin15=PB11
NVIC.HardFault_IRQn=true\:0\:0\:false\:false\:true\:false\:false\:false
Mcu.Pin16=PB13
Mcu.Pin13=PC5
Mcu.Pin14=PB10
Mcu.Pin19=PC7
ADC1.SamplingTime-5\#ChannelRegularConversion=ADC_SAMPLETIME_28CYCLES_5
ProjectManager.ComputerToolchain=false
Mcu.Pin17=PB15
ADC2.SamplingTime-21\#ChannelRegularConversion=ADC_SAMPLETIME_28CYCLES_5
Mcu.Pin18=PC6
NVIC.PriorityGroup=NVIC_PRIORITYGROUP_4
Mcu.Pin11=PA6
Mcu.Pin12=PC4
PC5.GPIO_Speed=GPIO_SPEED_FREQ_LOW
Mcu.Pin10=PA5
ADC2.Channel-27\#ChannelRegularConversion=ADC_CHANNEL_6
PC3.GPIO_Label=LCD_D3
ADC1.SamplingTime-9\#ChannelRegularConversion=ADC_SAMPLETIME_28CYCLES_5
ADC1.Rank-5\#ChannelRegularConversion=6
PC0.Locked=true
PC1.Signal=GPIO_Output
ADC2.Channel-23\#ChannelRegularConversion=ADC_CHANNEL_6
Mcu.Family=STM32F1
ADC2.SamplingTime-30\#ChannelRegularConversion=ADC_SAMPLETIME_28CYCLES_5
ProjectManager.MainLocation=Core/Src
ADC2.SamplingTime-29\#ChannelRegularConversion=ADC_SAMPLETIME_28CYCLES_5
RCC.MCOFreq_Value=72000000
ProjectManager.KeepUserCode=true
Mcu.UserName=STM32F103RBTx
ADC2.Channel-0\#ChannelRegularConversion=ADC_CHANNEL_6
SH.ADCx_IN2.0=ADC1_IN2,IN2
PC10.Locked=true
PC10.Signal=GPIO_Output
PC13-TAMPER-RTC.GPIOParameters=GPIO_Label
PC5.Locked=true
ProjectManager.functionlistsort=1-MX_GPIO_Init-GPIO-false-HAL-true,2-SystemClock_Config-RCC-false-HAL-false,3-MX_ADC1_Init-ADC1-false-HAL-true,4-MX_I2C1_Init-I2C1-false-HAL-true,5-MX_USART1_UART_Init-USART1-false-HAL-true,6-MX_TIM1_Init-TIM1-false-HAL-true,7-MX_TIM4_Init-TIM4-false-HAL-true,8-MX_ADC2_Init-ADC2-false-HAL-true,9-MX_RTC_Init-RTC-false-HAL-true,10-MX_TIM2_Init-TIM2-false-HAL-true
PC0.GPIOParameters=GPIO_Speed,GPIO_Label
PC0.GPIO_Label=LCD_D0
PC9.Locked=true
RCC.ADCFreqValue=12000000
PC2.GPIO_Speed=GPIO_SPEED_FREQ_LOW
PB11.GPIO_PuPd=GPIO_PULLUP
PC1.Locked=true
PB13.GPIO_Label=KEY_F2
PB11.Signal=GPIO_Input
PB15.Signal=GPIO_Input
ADC1.Channel-14\#ChannelRegularConversion=ADC_CHANNEL_2
ProjectManager.StackSize=0x400
VP_FREERTOS_VS_CMSIS_V2.Mode=CMSIS_V2
PD1-OSC_OUT.Signal=RCC_OSC_OUT
Mcu.IP4=NVIC
Mcu.IP5=RCC
RCC.FCLKCortexFreq_Value=72000000
Mcu.IP2=FREERTOS
VP_RTC_No_RTC_Output.Mode=RTC_OUT_NO
Mcu.IP3=I2C1
Mcu.IP0=ADC1
Mcu.IP1=ADC2
ADC2.SamplingTime-26\#ChannelRegularConversion=ADC_SAMPLETIME_28CYCLES_5
TIM1.Prescaler=56249
Mcu.UserConstants=
PC1.GPIOParameters=GPIO_Speed,GPIO_Label
Mcu.ThirdPartyNb=0
ADC1.Channel-3\#ChannelRegularConversion=ADC_CHANNEL_0
RCC.HCLKFreq_Value=72000000
Mcu.IPNb=12
ProjectManager.PreviousToolchain=
Mcu.Pin6=PC2
Mcu.Pin7=PC3
Mcu.Pin8=PA0-WKUP
Mcu.Pin9=PA2
FREERTOS.IPParameters=Tasks01
RCC.AHBFreq_Value=72000000
Mcu.Pin0=PC13-TAMPER-RTC
Mcu.Pin1=PC14-OSC32_IN
GPIO.groupedBy=Group By Peripherals
Mcu.Pin2=PD0-OSC_IN
Mcu.Pin3=PD1-OSC_OUT
ADC2.Rank-27\#ChannelRegularConversion=13
Mcu.Pin4=PC0
Mcu.Pin5=PC1
ADC1.Channel-0\#ChannelRegularConversion=ADC_CHANNEL_0
ADC2.Rank-16\#ChannelRegularConversion=2
VP_TIM2_VS_no_output1.Mode=Output Compare1 No Output
NVIC.DebugMonitor_IRQn=true\:0\:0\:false\:false\:true\:false\:false\:false
Mcu.IP10=TIM4
NVIC.SysTick_IRQn=true\:15\:0\:false\:false\:false\:true\:false\:true
RCC.PLLMUL=RCC_PLL_MUL9
Mcu.IP11=USART1
ADC1.SamplingTime-4\#ChannelRegularConversion=ADC_SAMPLETIME_28CYCLES_5
PC4.GPIO_Speed=GPIO_SPEED_FREQ_LOW
ADC1.Channel-6\#ChannelRegularConversion=ADC_CHANNEL_0
ADC1.Rank-2\#ChannelRegularConversion=3
ADC2.SamplingTime-20\#ChannelRegularConversion=ADC_SAMPLETIME_28CYCLES_5
VP_SYS_VS_tim3.Signal=SYS_VS_tim3
PA14.Mode=Serial_Wire
ADC2.Channel-28\#ChannelRegularConversion=ADC_CHANNEL_6
PC11.GPIO_Label=LCD_CS2
File.Version=6
PB7.Signal=I2C1_SDA
PB8.Locked=true
SH.ADCx_IN0.0=ADC1_IN0,IN0
SH.ADCx_IN6.ConfNb=1
ADC2.Rank-21\#ChannelRegularConversion=7
PC14-OSC32_IN.GPIOParameters=GPIO_Label
ProjectManager.ProjectName=t962aplus
ADC1.Rank-15\#ChannelRegularConversion=16
ADC1.SamplingTime-11\#ChannelRegularConversion=ADC_SAMPLETIME_28CYCLES_5
PA6.Signal=ADCx_IN6
PB15.GPIO_PuPd=GPIO_PULLUP
ADC1.SamplingTime-13\#ChannelRegularConversion=ADC_SAMPLETIME_28CYCLES_5
ProjectManager.ToolChainLocation=
ADC1.Channel-11\#ChannelRegularConversion=ADC_CHANNEL_2
PA15.Signal=SYS_JTDI
ADC2.SamplingTime-0\#ChannelRegularConversion=ADC_SAMPLETIME_28CYCLES_5
ADC2.NbrOfConversion=16
PC4.Locked=true
PC14-OSC32_IN.GPIO_Label=LCD_RW
ADC2.Channel-24\#ChannelRegularConversion=ADC_CHANNEL_6
PC5.Signal=GPIO_Output
ADC2.Rank-0\#ChannelRegularConversion=1
ADC1.Rank-6\#ChannelRegularConversion=7
ADC1.SamplingTime-8\#ChannelRegularConversion=ADC_SAMPLETIME_28CYCLES_5
PC2.GPIO_Label=LCD_D2
ADC2.Channel-22\#ChannelRegularConversion=ADC_CHANNEL_6
PC14-OSC32_IN.Locked=true
PB15.Locked=true
PB3.Locked=true
PB4.Signal=SYS_NJTRST
PA2.Locked=true
VP_RTC_VS_RTC_Activate.Signal=RTC_VS_RTC_Activate
RCC.PLLSourceVirtual=RCC_PLLSOURCE_HSE
ADC2.Channel-18\#ChannelRegularConversion=ADC_CHANNEL_6
PD1-OSC_OUT.Mode=HSE-External-Oscillator
PB9.GPIO_Label=BEEP
ADC1.Channel-4\#ChannelRegularConversion=ADC_CHANNEL_0
PC10.GPIO_Label=LCD_CS1
PA10.Mode=Asynchronous
ADC1.Rank-10\#ChannelRegularConversion=11
PC9.GPIO_Label=LCD_E
ProjectManager.NoMain=false
NVIC.SavedSvcallIrqHandlerGenerated=true
ADC1.Rank-8\#ChannelRegularConversion=9
PC11.Signal=GPIO_Output
PC4.Signal=GPIO_Output
PC13-TAMPER-RTC.Signal=GPIO_Output
ProjectManager.DefaultFWLocation=true
PD0-OSC_IN.Signal=RCC_OSC_IN
ProjectManager.DeletePrevious=true
ADC1.Channel-13\#ChannelRegularConversion=ADC_CHANNEL_2
PB10.Locked=true
ADC1.SamplingTime-2\#ChannelRegularConversion=ADC_SAMPLETIME_28CYCLES_5
RCC.FamilyName=M
PA0-WKUP.Locked=true
PB9.GPIOParameters=GPIO_Label
RCC.ADCPresc=RCC_ADCPCLK2_DIV6
PA13.Signal=SYS_JTMS-SWDIO
ADC1.Rank-13\#ChannelRegularConversion=14
PA9.Mode=Asynchronous
VP_SYS_VS_tim3.Mode=TIM3
PC0.GPIO_Speed=GPIO_SPEED_FREQ_LOW
SH.S_TIM1_CH1.0=TIM1_CH1,PWM Generation1 CH1
ProjectManager.TargetToolchain=STM32CubeIDE
PB10.GPIO_Label=KEY_S
VP_TIM2_VS_ControllerModeClock.Mode=Clock Mode
SH.S_TIM4_CH3.0=TIM4_CH3,PWM Generation3 CH3
ADC2.SamplingTime-28\#ChannelRegularConversion=ADC_SAMPLETIME_28CYCLES_5
ADC2.SamplingTime-16\#ChannelRegularConversion=ADC_SAMPLETIME_28CYCLES_5
PC5.GPIOParameters=GPIO_Speed,GPIO_Label
ADC1.Channel-1\#ChannelRegularConversion=ADC_CHANNEL_0
PC2.Locked=true
VP_TIM2_VS_ClockSourceITR.Signal=TIM2_VS_ClockSourceITR
ADC2.Rank-29\#ChannelRegularConversion=15
ProjectManager.RegisterCallBack=
RCC.USBFreq_Value=72000000
ADC2.Rank-17\#ChannelRegularConversion=3
TIM4.Prescaler=56249
VP_TIM2_VS_no_output1.Signal=TIM2_VS_no_output1
PD0-OSC_IN.Mode=HSE-External-Oscillator
SH.S_TIM4_CH3.ConfNb=1
ADC2.SamplingTime-19\#ChannelRegularConversion=ADC_SAMPLETIME_28CYCLES_5
board=custom
PC7.GPIO_Speed=GPIO_SPEED_FREQ_LOW
RCC.VCOOutput2Freq_Value=8000000
ADC2.SamplingTime-27\#ChannelRegularConversion=ADC_SAMPLETIME_28CYCLES_5
ADC1.Channel-12\#ChannelRegularConversion=ADC_CHANNEL_2
NVIC.SavedSystickIrqHandlerGenerated=true
RCC.APB2Freq_Value=72000000
ADC2.Channel-21\#ChannelRegularConversion=ADC_CHANNEL_6
MxCube.Version=6.2.1
SH.ADCx_IN2.ConfNb=1
PC1.GPIO_Label=LCD_D1
ADC2.Rank-24\#ChannelRegularConversion=10
ADC2.Rank-20\#ChannelRegularConversion=6
ADC2.SamplingTime-23\#ChannelRegularConversion=ADC_SAMPLETIME_28CYCLES_5
PB15.GPIOParameters=GPIO_PuPd,GPIO_Label
ADC1.NbrOfConversion=16
RCC.IPParameters=ADCFreqValue,ADCPresc,AHBFreq_Value,APB1CLKDivider,APB1Freq_Value,APB1TimFreq_Value,APB2Freq_Value,APB2TimFreq_Value,FCLKCortexFreq_Value,FamilyName,HCLKFreq_Value,MCOFreq_Value,PLLCLKFreq_Value,PLLMCOFreq_Value,PLLMUL,PLLSourceVirtual,RTCClockSelection,RTCFreq_Value,SYSCLKFreq_VALUE,SYSCLKSource,TimSysFreq_Value,USBFreq_Value,VCOOutput2Freq_Value
ProjectManager.AskForMigrate=true
Mcu.Name=STM32F103R(8-B)Tx
NVIC.SavedPendsvIrqHandlerGenerated=true
PA2.Signal=ADCx_IN2
Mcu.IP8=TIM1
VP_FREERTOS_VS_CMSIS_V2.Signal=FREERTOS_VS_CMSIS_V2
ADC1.Channel-9\#ChannelRegularConversion=ADC_CHANNEL_2
Mcu.IP9=TIM2
Mcu.IP6=RTC
Mcu.IP7=SYS
ProjectManager.CoupleFile=false
PB3.Signal=SYS_JTDO-TRACESWO
RCC.SYSCLKFreq_VALUE=72000000
ADC1.SamplingTime-3\#ChannelRegularConversion=ADC_SAMPLETIME_28CYCLES_5
ADC1.Rank-3\#ChannelRegularConversion=4
ADC2.Channel-17\#ChannelRegularConversion=ADC_CHANNEL_6
KeepUserPlacement=false
PC5.GPIO_Label=LCD_D5
PA13.Locked=true
PB7.Mode=I2C
PA14.Signal=SYS_JTCK-SWCLK
ADC2.Channel-29\#ChannelRegularConversion=ADC_CHANNEL_6
PC6.GPIOParameters=GPIO_Speed,GPIO_Label
ADC1.Rank-7\#ChannelRegularConversion=8
ADC1.NbrOfConversionFlag=1
PB8.Signal=S_TIM4_CH3
PC9.Signal=GPIO_Output
ADC1.SamplingTime-7\#ChannelRegularConversion=ADC_SAMPLETIME_28CYCLES_5
ADC2.Channel-25\#ChannelRegularConversion=ADC_CHANNEL_6
RCC.APB1Freq_Value=36000000
PB11.Locked=true
ProjectManager.DeviceId=STM32F103RBTx
ProjectManager.LibraryCopy=1
PA6.Locked=true
isbadioc=false
